
Microsoft Visual Studio Solution File, Format Version 12.00
# Visual Studio 15
VisualStudioVersion = 15.0.27004.2010
MinimumVisualStudioVersion = 10.0.40219.1
Project("{9A19103F-16F7-4668-BE54-9A1E7A4F7556}") = "AcmeActivity.Site", "AcmeActivityManager.Site\AcmeActivity.Site.csproj", "{99998A8E-9F62-4991-AC00-206114BBA3EC}"
EndProject
Project("{FAE04EC0-301F-11D3-BF4B-00C04F79EFBC}") = "AcmeActivityManager.Application", "AcmeActivityManager.Application\AcmeActivityManager.Application.csproj", "{CC3F8173-D795-4154-AED9-82F805BD8D76}"
EndProject
Project("{FAE04EC0-301F-11D3-BF4B-00C04F79EFBC}") = "AcmeActivityManager.Domain", "AcmeActivityManager.Domain\AcmeActivityManager.Domain.csproj", "{3F66DBA8-09FA-45F7-8EBA-41E5D671537B}"
EndProject
Project("{FAE04EC0-301F-11D3-BF4B-00C04F79EFBC}") = "AcmeActivityManager.Infra.Data", "AcmeActivityManager.Infra.Data\AcmeActivityManager.Infra.Data.csproj", "{069D9B48-7C13-4C5C-B29C-213A5E085A3B}"
EndProject
Project("{FAE04EC0-301F-11D3-BF4B-00C04F79EFBC}") = "AcmeActivityManager.Infra.IoC", "AcmeActivityManager.Infra.IoC\AcmeActivityManager.Infra.IoC.csproj", "{18AF6DCB-45E7-42EA-A044-ED8876BF46D5}"
EndProject
Global
	GlobalSection(SolutionConfigurationPlatforms) = preSolution
		Debug|Any CPU = Debug|Any CPU
		Release|Any CPU = Release|Any CPU
	EndGlobalSection
	GlobalSection(ProjectConfigurationPlatforms) = postSolution
		{99998A8E-9F62-4991-AC00-206114BBA3EC}.Debug|Any CPU.ActiveCfg = Debug|Any CPU
		{99998A8E-9F62-4991-AC00-206114BBA3EC}.Debug|Any CPU.Build.0 = Debug|Any CPU
		{99998A8E-9F62-4991-AC00-206114BBA3EC}.Release|Any CPU.ActiveCfg = Release|Any CPU
		{99998A8E-9F62-4991-AC00-206114BBA3EC}.Release|Any CPU.Build.0 = Release|Any CPU
		{CC3F8173-D795-4154-AED9-82F805BD8D76}.Debug|Any CPU.ActiveCfg = Debug|Any CPU
		{CC3F8173-D795-4154-AED9-82F805BD8D76}.Debug|Any CPU.Build.0 = Debug|Any CPU
		{CC3F8173-D795-4154-AED9-82F805BD8D76}.Release|Any CPU.ActiveCfg = Release|Any CPU
		{CC3F8173-D795-4154-AED9-82F805BD8D76}.Release|Any CPU.Build.0 = Release|Any CPU
		{3F66DBA8-09FA-45F7-8EBA-41E5D671537B}.Debug|Any CPU.ActiveCfg = Debug|Any CPU
		{3F66DBA8-09FA-45F7-8EBA-41E5D671537B}.Debug|Any CPU.Build.0 = Debug|Any CPU
		{3F66DBA8-09FA-45F7-8EBA-41E5D671537B}.Release|Any CPU.ActiveCfg = Release|Any CPU
		{3F66DBA8-09FA-45F7-8EBA-41E5D671537B}.Release|Any CPU.Build.0 = Release|Any CPU
		{069D9B48-7C13-4C5C-B29C-213A5E085A3B}.Debug|Any CPU.ActiveCfg = Debug|Any CPU
		{069D9B48-7C13-4C5C-B29C-213A5E085A3B}.Debug|Any CPU.Build.0 = Debug|Any CPU
		{069D9B48-7C13-4C5C-B29C-213A5E085A3B}.Release|Any CPU.ActiveCfg = Release|Any CPU
		{069D9B48-7C13-4C5C-B29C-213A5E085A3B}.Release|Any CPU.Build.0 = Release|Any CPU
		{18AF6DCB-45E7-42EA-A044-ED8876BF46D5}.Debug|Any CPU.ActiveCfg = Debug|Any CPU
		{18AF6DCB-45E7-42EA-A044-ED8876BF46D5}.Debug|Any CPU.Build.0 = Debug|Any CPU
		{18AF6DCB-45E7-42EA-A044-ED8876BF46D5}.Release|Any CPU.ActiveCfg = Release|Any CPU
		{18AF6DCB-45E7-42EA-A044-ED8876BF46D5}.Release|Any CPU.Build.0 = Release|Any CPU
	EndGlobalSection
	GlobalSection(SolutionProperties) = preSolution
		HideSolutionNode = FALSE
	EndGlobalSection
	GlobalSection(ExtensibilityGlobals) = postSolution
		SolutionGuid = {2706C9A4-9331-4A02-8204-749C1B8F2346}
	EndGlobalSection
EndGlobal
